{
  "version": 4,
  "terraform_version": "1.5.7",
  "serial": 3,
  "lineage": "8aafbce1-15a4-a776-fe4d-0a8d7c199bfc",
  "outputs": {},
  "resources": [
    {
      "mode": "managed",
      "type": "aws_subnet",
      "name": "subnet1",
      "provider": "provider[\"registry.terraform.io/hashicorp/aws\"]",
      "instances": [
        {
          "schema_version": 1,
          "attributes": {
            "arn": "arn:aws:ec2:us-west-2:347149318649:subnet/subnet-0fad9b9d14f47b0db",
            "assign_ipv6_address_on_creation": false,
            "availability_zone": "us-west-2d",
            "availability_zone_id": "usw2-az4",
            "cidr_block": "190.160.1.0/24",
            "customer_owned_ipv4_pool": "",
            "enable_dns64": false,
            "enable_lni_at_device_index": 0,
            "enable_resource_name_dns_a_record_on_launch": false,
            "enable_resource_name_dns_aaaa_record_on_launch": false,
            "id": "subnet-0fad9b9d14f47b0db",
            "ipv6_cidr_block": "",
            "ipv6_cidr_block_association_id": "",
            "ipv6_native": false,
            "map_customer_owned_ip_on_launch": false,
            "map_public_ip_on_launch": false,
            "outpost_arn": "",
            "owner_id": "347149318649",
            "private_dns_hostname_type_on_launch": "ip-name",
            "tags": {
              "Name": "subnet1"
            },
            "tags_all": {
              "Name": "subnet1"
            },
            "timeouts": null,
            "vpc_id": "vpc-0f58433529feb4b82"
          },
          "sensitive_attributes": [],
          "private": "eyJlMmJmYjczMC1lY2FhLTExZTYtOGY4OC0zNDM2M2JjN2M0YzAiOnsiY3JlYXRlIjo2MDAwMDAwMDAwMDAsImRlbGV0ZSI6MTIwMDAwMDAwMDAwMH0sInNjaGVtYV92ZXJzaW9uIjoiMSJ9",
          "dependencies": [
            "aws_vpc.main"
          ]
        }
      ]
    },
    {
      "mode": "managed",
      "type": "aws_vpc",
      "name": "main",
      "provider": "provider[\"registry.terraform.io/hashicorp/aws\"]",
      "instances": [
        {
          "schema_version": 1,
          "attributes": {
            "arn": "arn:aws:ec2:us-west-2:347149318649:vpc/vpc-0f58433529feb4b82",
            "assign_generated_ipv6_cidr_block": false,
            "cidr_block": "190.160.0.0/16",
            "default_network_acl_id": "acl-0a94e407912f6ff72",
            "default_route_table_id": "rtb-0a737e079535fea94",
            "default_security_group_id": "sg-09d5ab94c17195f1e",
            "dhcp_options_id": "dopt-0672d05e8f3f9364e",
            "enable_dns_hostnames": false,
            "enable_dns_support": true,
            "enable_network_address_usage_metrics": false,
            "id": "vpc-0f58433529feb4b82",
            "instance_tenancy": "default",
            "ipv4_ipam_pool_id": null,
            "ipv4_netmask_length": null,
            "ipv6_association_id": "",
            "ipv6_cidr_block": "",
            "ipv6_cidr_block_network_border_group": "",
            "ipv6_ipam_pool_id": "",
            "ipv6_netmask_length": 0,
            "main_route_table_id": "rtb-0a737e079535fea94",
            "owner_id": "347149318649",
            "tags": {
              "Location": "Bangalore",
              "Name": "main"
            },
            "tags_all": {
              "Location": "Bangalore",
              "Name": "main"
            }
          },
          "sensitive_attributes": [],
          "private": "eyJzY2hlbWFfdmVyc2lvbiI6IjEifQ=="
        }
      ]
    }
  ],
  "check_results": null
}
